
Microsoft Visual Studio Solution File, Format Version 12.00
# Visual Studio Version 17
VisualStudioVersion = 17.14.36212.18 d17.14
MinimumVisualStudioVersion = 10.0.40219.1
Project("{FAE04EC0-301F-11D3-BF4B-00C04F79EFBC}") = "2_PC8_6", "2_PC8_6\2_PC8_6.csproj", "{39215203-426A-4D5B-8F02-C2F0BF13D4E9}"
EndProject
Global
	GlobalSection(SolutionConfigurationPlatforms) = preSolution
		Debug|Any CPU = Debug|Any CPU
		Release|Any CPU = Release|Any CPU
	EndGlobalSection
	GlobalSection(ProjectConfigurationPlatforms) = postSolution
		{39215203-426A-4D5B-8F02-C2F0BF13D4E9}.Debug|Any CPU.ActiveCfg = Debug|Any CPU
		{39215203-426A-4D5B-8F02-C2F0BF13D4E9}.Debug|Any CPU.Build.0 = Debug|Any CPU
		{39215203-426A-4D5B-8F02-C2F0BF13D4E9}.Release|Any CPU.ActiveCfg = Release|Any CPU
		{39215203-426A-4D5B-8F02-C2F0BF13D4E9}.Release|Any CPU.Build.0 = Release|Any CPU
	EndGlobalSection
	GlobalSection(SolutionProperties) = preSolution
		HideSolutionNode = FALSE
	EndGlobalSection
	GlobalSection(ExtensibilityGlobals) = postSolution
		SolutionGuid = {5A46F7ED-3AA1-478F-99ED-E23CCF50DFC6}
	EndGlobalSection
EndGlobal
